// !$*UTF8*$!
{
	archiveVersion = 1;
	classes = {
	};
	objectVersion = 77;
	objects = {

/* Begin PBXBuildFile section */
		02FCF7C64DA1DAE1A0526223 /* AIPaywallView.swift in Sources */ = {isa = PBXBuildFile; fileRef = DD9FAAD978BF107AF775D782 /* AIPaywallView.swift */; };
		07AFCF84C7D8CA5BF461670D /* EventLogger.swift in Sources */ = {isa = PBXBuildFile; fileRef = 57EDABC5151922712DFDE5A5 /* EventLogger.swift */; };
		081C3D1BBC12A47E0E58B24E /* Assets.xcassets in Resources */ = {isa = PBXBuildFile; fileRef = 6718C8BD1653FA60117CEDDC /* Assets.xcassets */; };
		0AFBF722D9722253FB96E060 /* PlayerDetailView.swift in Sources */ = {isa = PBXBuildFile; fileRef = B92130A98036FFC4BE4F520A /* PlayerDetailView.swift */; };
		151C87DC6C86F1731C16D5A3 /* PrivacyInfo.xcprivacy in Resources */ = {isa = PBXBuildFile; fileRef = ED9EC953E843613D6BB2FD13 /* PrivacyInfo.xcprivacy */; };
		17BB64A2C04DC2FAD0744A16 /* ReviewPrompter.swift in Sources */ = {isa = PBXBuildFile; fileRef = 4857F1C3DD661056BA7AC594 /* ReviewPrompter.swift */; };
		2F41D31EAFE3EC969C526F72 /* AppLaunchUITests.swift in Sources */ = {isa = PBXBuildFile; fileRef = 02EF0733F35FE06FCD059302 /* AppLaunchUITests.swift */; };
		3226AE0D999626195A8B1B54 /* Localizable.xcstrings in Resources */ = {isa = PBXBuildFile; fileRef = B2D2094FEEA0636F998A5A6E /* Localizable.xcstrings */; };
		352F2991F6B274714A6AF29C /* UITestSupport.swift in Sources */ = {isa = PBXBuildFile; fileRef = 74CDBF5813212BA5EFB49006 /* UITestSupport.swift */; };
		3550AB3E231AFE3D48C2E15B /* RosterUITests.swift in Sources */ = {isa = PBXBuildFile; fileRef = 0B69C21A20FB4110AEADC709 /* RosterUITests.swift */; };
		37CBB74C1FE6AA8E89C88AA7 /* UndoHistoryTests.swift in Sources */ = {isa = PBXBuildFile; fileRef = CBDC017B1A6FD9FE68CE8605 /* UndoHistoryTests.swift */; };
		3B3CFA3CAD19C551717D1A52 /* AtBatOutcomeTests.swift in Sources */ = {isa = PBXBuildFile; fileRef = 20683B2B003DD4D161530CF6 /* AtBatOutcomeTests.swift */; };
		3E92080B40368AC54F1D7667 /* BarrelNight@3x.png in Resources */ = {isa = PBXBuildFile; fileRef = 9A9E8BBE1C67B1B7329D9491 /* BarrelNight@3x.png */; };
		49BFB657783B04140050BF3A /* AddPlayerView.swift in Sources */ = {isa = PBXBuildFile; fileRef = 4E120E114E595B20E0B7ADD8 /* AddPlayerView.swift */; };
		4D06E1A19E51E470D2FF78B0 /* PlayerInsightsView.swift in Sources */ = {isa = PBXBuildFile; fileRef = B334E9B8F7BE7E5376BA5E03 /* PlayerInsightsView.swift */; };
		4D9381528E34593A236B9763 /* Supabase in Frameworks */ = {isa = PBXBuildFile; productRef = 8DCF87A785CF12DB805778F9 /* Supabase */; };
		4F9868B61706659144C74FFD /* BaseballStatTrackerApp.swift in Sources */ = {isa = PBXBuildFile; fileRef = 4292B7537D147DD1CD5BDA8A /* BaseballStatTrackerApp.swift */; };
		5259A7A84E306FBBE175420D /* StatFormatterTests.swift in Sources */ = {isa = PBXBuildFile; fileRef = 31C39398E003A3401764E841 /* StatFormatterTests.swift */; };
		54D730E4EE4BAFC2DB60ED3E /* AtBatEntryCodableTests.swift in Sources */ = {isa = PBXBuildFile; fileRef = 69466E8C62BE9488DA3FEAE0 /* AtBatEntryCodableTests.swift */; };
		5F7715FEE34926B585A66338 /* DemoSeeder.swift in Sources */ = {isa = PBXBuildFile; fileRef = A279353CA9D3695C76B99C59 /* DemoSeeder.swift */; };
		610C44781EE06EB07D0B6902 /* PlayerStoreTests.swift in Sources */ = {isa = PBXBuildFile; fileRef = 6B861A55168E28FB2F8ED1CA /* PlayerStoreTests.swift */; };
		61CA2F222EE946B41A54E446 /* MainTabView.swift in Sources */ = {isa = PBXBuildFile; fileRef = 8CB3424F81DE04DD7A6F34F1 /* MainTabView.swift */; };
		676B42F2234073CCE261CE47 /* PlayerStore.swift in Sources */ = {isa = PBXBuildFile; fileRef = 0B153D5431BA4783907DCD64 /* PlayerStore.swift */; };
		69118326CC18DE6929D0DCDF /* KeychainStore.swift in Sources */ = {isa = PBXBuildFile; fileRef = A06A5665AB7820CE358C3251 /* KeychainStore.swift */; };
		6C70EEDD6D27EB02CD80B0E3 /* BillingStore.swift in Sources */ = {isa = PBXBuildFile; fileRef = 2B3B941D8E97823DCB79EB0C /* BillingStore.swift */; };
		779346DC4E2513AA2A7BDD46 /* AppIconScheduler.swift in Sources */ = {isa = PBXBuildFile; fileRef = 428CFCA6B76D654B8BD950C5 /* AppIconScheduler.swift */; };
		806624516EE3A8E83AEB900E /* LaunchPerformanceUITests.swift in Sources */ = {isa = PBXBuildFile; fileRef = 3BB36CB85A5A3CD274A95543 /* LaunchPerformanceUITests.swift */; };
		8163C8FACCAF59E93F310A85 /* BarrelNight@2x.png in Resources */ = {isa = PBXBuildFile; fileRef = C4FC6C5DDDF52928C27E2C8F /* BarrelNight@2x.png */; };
		83D88B912DA645AFCBECE747 /* UndoHistory.swift in Sources */ = {isa = PBXBuildFile; fileRef = 106454408A40E260FC97E16B /* UndoHistory.swift */; };
		8958BD0254E6839164D41C84 /* AppLanguageTests.swift in Sources */ = {isa = PBXBuildFile; fileRef = FA8AC5AC814407550C991F2E /* AppLanguageTests.swift */; };
		8D0A87F290719AB3431B5C01 /* AuthView.swift in Sources */ = {isa = PBXBuildFile; fileRef = 28F22ED4002D2D00827719AB /* AuthView.swift */; };
		947C791592294C1185793038 /* PerformanceTests.swift in Sources */ = {isa = PBXBuildFile; fileRef = CFEF12EBF5E0949ADE9EDF87 /* PerformanceTests.swift */; };
		95E8E9A38BF83F5710B20E21 /* RootView.swift in Sources */ = {isa = PBXBuildFile; fileRef = E39437343090B7B311914B1E /* RootView.swift */; };
		9DAF00D9136FB51E6E5D2104 /* PlayerStatsTests.swift in Sources */ = {isa = PBXBuildFile; fileRef = E4AEB6AC072119320379DA34 /* PlayerStatsTests.swift */; };
		A71E1B9BEDCD4F340309258A /* AIChatView.swift in Sources */ = {isa = PBXBuildFile; fileRef = BBB39DE9088CA19C675DBF88 /* AIChatView.swift */; };
		B4AB613DDF8C3D89A13C3A84 /* AddPlayerUITests.swift in Sources */ = {isa = PBXBuildFile; fileRef = 785A74C050FB0C51963C9279 /* AddPlayerUITests.swift */; };
		B7F8BA6EF030FBFB9E964C02 /* PlayerStats.swift in Sources */ = {isa = PBXBuildFile; fileRef = D44A9B9EB7A435FA4569D446 /* PlayerStats.swift */; };
		B84239F8F1F22C5E541BD5C1 /* AtBatPadUITests.swift in Sources */ = {isa = PBXBuildFile; fileRef = 79D1A67C14A8CB0E6082B292 /* AtBatPadUITests.swift */; };
		BECB334E22CA5BD7F90A6F19 /* PlayerRow.swift in Sources */ = {isa = PBXBuildFile; fileRef = 47513A76126FC08BE675D9B1 /* PlayerRow.swift */; };
		C786C4084BC71BCEA8624380 /* BarrelUITestCase.swift in Sources */ = {isa = PBXBuildFile; fileRef = BBD773EFF678DE74E3E4F2C6 /* BarrelUITestCase.swift */; };
		CA558154609F2894612DF88B /* AuthStore.swift in Sources */ = {isa = PBXBuildFile; fileRef = 995483BEF01B78D0C6285594 /* AuthStore.swift */; };
		CE5DF1BDFDD8B33497757E11 /* BillingTierTests.swift in Sources */ = {isa = PBXBuildFile; fileRef = A9F3F2DABDC30E34C06A1E91 /* BillingTierTests.swift */; };
		D05C15DA78084C1C70065EE9 /* WaveBackground.swift in Sources */ = {isa = PBXBuildFile; fileRef = CED32C6984E99727813EE4F5 /* WaveBackground.swift */; };
		D4908B15ED7B72AABEEBC96B /* KeychainStoreTests.swift in Sources */ = {isa = PBXBuildFile; fileRef = E976E02BA6DDF5EB4A3873F2 /* KeychainStoreTests.swift */; };
		D73824252E60A95BB4A881F9 /* AIClient.swift in Sources */ = {isa = PBXBuildFile; fileRef = 5326ADF3D1E7819A3C1EB36C /* AIClient.swift */; };
		D73887A94E1D6B07F635EE38 /* Player.swift in Sources */ = {isa = PBXBuildFile; fileRef = DCE2D4E520B221A57E7707E7 /* Player.swift */; };
		D9EF3EB2D95F6823A2A97BD1 /* AuthValidationTests.swift in Sources */ = {isa = PBXBuildFile; fileRef = 068C962ABF5E26650550CB0B /* AuthValidationTests.swift */; };
		E3D482E93A96132DE0A3939C /* AppLanguage.swift in Sources */ = {isa = PBXBuildFile; fileRef = 7962E15CCF8942863A3C92DE /* AppLanguage.swift */; };
		EA58750FE637DD2DC1C93DE1 /* BarrelShape.swift in Sources */ = {isa = PBXBuildFile; fileRef = 966AAC296C0F9EA75DA8A476 /* BarrelShape.swift */; };
		EF1FF6B4044F883FC56E6697 /* SupabaseClient.swift in Sources */ = {isa = PBXBuildFile; fileRef = A6C80A685D2D29D9F427DC23 /* SupabaseClient.swift */; };
		FACA664DB6025ADC1C4D797D /* AtBatEntry.swift in Sources */ = {isa = PBXBuildFile; fileRef = B2AB7EA22585D77EC6852E41 /* AtBatEntry.swift */; };
		FBC28B2D2B9A5C81D2E0CF96 /* UndoRedoUITests.swift in Sources */ = {isa = PBXBuildFile; fileRef = 0407814CB35EEC2CA2AF784F /* UndoRedoUITests.swift */; };
		FFD85E7B730E16D7FFE2FABE /* AppIconSchedulerTests.swift in Sources */ = {isa = PBXBuildFile; fileRef = 3A58B248F76C7C942A7A0E9B /* AppIconSchedulerTests.swift */; };
/* End PBXBuildFile section */

/* Begin PBXContainerItemProxy section */
		0C2891BF9240479B0858EA50 /* PBXContainerItemProxy */ = {
			isa = PBXContainerItemProxy;
			containerPortal = F7524C9988FFBD5B05CC4906 /* Project object */;
			proxyType = 1;
			remoteGlobalIDString = 04FDA87D9A969EA74BE1DD29;
			remoteInfo = BaseballStatTracker;
		};
		CE038BC8DEF045A8513AFECE /* PBXContainerItemProxy */ = {
			isa = PBXContainerItemProxy;
			containerPortal = F7524C9988FFBD5B05CC4906 /* Project object */;
			proxyType = 1;
			remoteGlobalIDString = 04FDA87D9A969EA74BE1DD29;
			remoteInfo = BaseballStatTracker;
		};
/* End PBXContainerItemProxy section */

/* Begin PBXFileReference section */
		02EF0733F35FE06FCD059302 /* AppLaunchUITests.swift */ = {isa = PBXFileReference; lastKnownFileType = sourcecode.swift; path = AppLaunchUITests.swift; sourceTree = "<group>"; };
		0407814CB35EEC2CA2AF784F /* UndoRedoUITests.swift */ = {isa = PBXFileReference; lastKnownFileType = sourcecode.swift; path = UndoRedoUITests.swift; sourceTree = "<group>"; };
		0668DA518B74217AF8C00A79 /* BaseballStatTrackerTests.xctest */ = {isa = PBXFileReference; includeInIndex = 0; lastKnownFileType = wrapper.cfbundle; path = BaseballStatTrackerTests.xctest; sourceTree = BUILT_PRODUCTS_DIR; };
		068C962ABF5E26650550CB0B /* AuthValidationTests.swift */ = {isa = PBXFileReference; lastKnownFileType = sourcecode.swift; path = AuthValidationTests.swift; sourceTree = "<group>"; };
		0A8FF4077F854300A78C68AC /* BaseballStatTracker.entitlements */ = {isa = PBXFileReference; lastKnownFileType = text.plist.entitlements; path = BaseballStatTracker.entitlements; sourceTree = "<group>"; };
		0B153D5431BA4783907DCD64 /* PlayerStore.swift */ = {isa = PBXFileReference; lastKnownFileType = sourcecode.swift; path = PlayerStore.swift; sourceTree = "<group>"; };
		0B69C21A20FB4110AEADC709 /* RosterUITests.swift */ = {isa = PBXFileReference; lastKnownFileType = sourcecode.swift; path = RosterUITests.swift; sourceTree = "<group>"; };
		106454408A40E260FC97E16B /* UndoHistory.swift */ = {isa = PBXFileReference; lastKnownFileType = sourcecode.swift; path = UndoHistory.swift; sourceTree = "<group>"; };
		20683B2B003DD4D161530CF6 /* AtBatOutcomeTests.swift */ = {isa = PBXFileReference; lastKnownFileType = sourcecode.swift; path = AtBatOutcomeTests.swift; sourceTree = "<group>"; };
		28F22ED4002D2D00827719AB /* AuthView.swift */ = {isa = PBXFileReference; lastKnownFileType = sourcecode.swift; path = AuthView.swift; sourceTree = "<group>"; };
		2B3B941D8E97823DCB79EB0C /* BillingStore.swift */ = {isa = PBXFileReference; lastKnownFileType = sourcecode.swift; path = BillingStore.swift; sourceTree = "<group>"; };
		31C39398E003A3401764E841 /* StatFormatterTests.swift */ = {isa = PBXFileReference; lastKnownFileType = sourcecode.swift; path = StatFormatterTests.swift; sourceTree = "<group>"; };
		3A58B248F76C7C942A7A0E9B /* AppIconSchedulerTests.swift */ = {isa = PBXFileReference; lastKnownFileType = sourcecode.swift; path = AppIconSchedulerTests.swift; sourceTree = "<group>"; };
		3BB36CB85A5A3CD274A95543 /* LaunchPerformanceUITests.swift */ = {isa = PBXFileReference; lastKnownFileType = sourcecode.swift; path = LaunchPerformanceUITests.swift; sourceTree = "<group>"; };
		428CFCA6B76D654B8BD950C5 /* AppIconScheduler.swift */ = {isa = PBXFileReference; lastKnownFileType = sourcecode.swift; path = AppIconScheduler.swift; sourceTree = "<group>"; };
		4292B7537D147DD1CD5BDA8A /* BaseballStatTrackerApp.swift */ = {isa = PBXFileReference; lastKnownFileType = sourcecode.swift; path = BaseballStatTrackerApp.swift; sourceTree = "<group>"; };
		47513A76126FC08BE675D9B1 /* PlayerRow.swift */ = {isa = PBXFileReference; lastKnownFileType = sourcecode.swift; path = PlayerRow.swift; sourceTree = "<group>"; };
		4857F1C3DD661056BA7AC594 /* ReviewPrompter.swift */ = {isa = PBXFileReference; lastKnownFileType = sourcecode.swift; path = ReviewPrompter.swift; sourceTree = "<group>"; };
		4E120E114E595B20E0B7ADD8 /* AddPlayerView.swift */ = {isa = PBXFileReference; lastKnownFileType = sourcecode.swift; path = AddPlayerView.swift; sourceTree = "<group>"; };
		4F76BE491231DFE216ECCE7F /* Info.plist */ = {isa = PBXFileReference; lastKnownFileType = text.plist; path = Info.plist; sourceTree = "<group>"; };
		5326ADF3D1E7819A3C1EB36C /* AIClient.swift */ = {isa = PBXFileReference; lastKnownFileType = sourcecode.swift; path = AIClient.swift; sourceTree = "<group>"; };
		57EDABC5151922712DFDE5A5 /* EventLogger.swift */ = {isa = PBXFileReference; lastKnownFileType = sourcecode.swift; path = EventLogger.swift; sourceTree = "<group>"; };
		5E30F52957D74423F14540E8 /* BaseballStatTracker.app */ = {isa = PBXFileReference; includeInIndex = 0; lastKnownFileType = wrapper.application; path = BaseballStatTracker.app; sourceTree = BUILT_PRODUCTS_DIR; };
		6718C8BD1653FA60117CEDDC /* Assets.xcassets */ = {isa = PBXFileReference; lastKnownFileType = folder.assetcatalog; path = Assets.xcassets; sourceTree = "<group>"; };
		69466E8C62BE9488DA3FEAE0 /* AtBatEntryCodableTests.swift */ = {isa = PBXFileReference; lastKnownFileType = sourcecode.swift; path = AtBatEntryCodableTests.swift; sourceTree = "<group>"; };
		6B861A55168E28FB2F8ED1CA /* PlayerStoreTests.swift */ = {isa = PBXFileReference; lastKnownFileType = sourcecode.swift; path = PlayerStoreTests.swift; sourceTree = "<group>"; };
		74CDBF5813212BA5EFB49006 /* UITestSupport.swift */ = {isa = PBXFileReference; lastKnownFileType = sourcecode.swift; path = UITestSupport.swift; sourceTree = "<group>"; };
		785A74C050FB0C51963C9279 /* AddPlayerUITests.swift */ = {isa = PBXFileReference; lastKnownFileType = sourcecode.swift; path = AddPlayerUITests.swift; sourceTree = "<group>"; };
		7962E15CCF8942863A3C92DE /* AppLanguage.swift */ = {isa = PBXFileReference; lastKnownFileType = sourcecode.swift; path = AppLanguage.swift; sourceTree = "<group>"; };
		79D1A67C14A8CB0E6082B292 /* AtBatPadUITests.swift */ = {isa = PBXFileReference; lastKnownFileType = sourcecode.swift; path = AtBatPadUITests.swift; sourceTree = "<group>"; };
		8CB3424F81DE04DD7A6F34F1 /* MainTabView.swift */ = {isa = PBXFileReference; lastKnownFileType = sourcecode.swift; path = MainTabView.swift; sourceTree = "<group>"; };
		966AAC296C0F9EA75DA8A476 /* BarrelShape.swift */ = {isa = PBXFileReference; lastKnownFileType = sourcecode.swift; path = BarrelShape.swift; sourceTree = "<group>"; };
		995483BEF01B78D0C6285594 /* AuthStore.swift */ = {isa = PBXFileReference; lastKnownFileType = sourcecode.swift; path = AuthStore.swift; sourceTree = "<group>"; };
		9A9E8BBE1C67B1B7329D9491 /* BarrelNight@3x.png */ = {isa = PBXFileReference; lastKnownFileType = image.png; path = "BarrelNight@3x.png"; sourceTree = "<group>"; };
		A06A5665AB7820CE358C3251 /* KeychainStore.swift */ = {isa = PBXFileReference; lastKnownFileType = sourcecode.swift; path = KeychainStore.swift; sourceTree = "<group>"; };
		A279353CA9D3695C76B99C59 /* DemoSeeder.swift */ = {isa = PBXFileReference; lastKnownFileType = sourcecode.swift; path = DemoSeeder.swift; sourceTree = "<group>"; };
		A6C80A685D2D29D9F427DC23 /* SupabaseClient.swift */ = {isa = PBXFileReference; lastKnownFileType = sourcecode.swift; path = SupabaseClient.swift; sourceTree = "<group>"; };
		A9F3F2DABDC30E34C06A1E91 /* BillingTierTests.swift */ = {isa = PBXFileReference; lastKnownFileType = sourcecode.swift; path = BillingTierTests.swift; sourceTree = "<group>"; };
		ADFE7BE7F04CB612A0394FE0 /* BaseballStatTrackerUITests.xctest */ = {isa = PBXFileReference; includeInIndex = 0; lastKnownFileType = wrapper.cfbundle; path = BaseballStatTrackerUITests.xctest; sourceTree = BUILT_PRODUCTS_DIR; };
		B2AB7EA22585D77EC6852E41 /* AtBatEntry.swift */ = {isa = PBXFileReference; lastKnownFileType = sourcecode.swift; path = AtBatEntry.swift; sourceTree = "<group>"; };
		B2D2094FEEA0636F998A5A6E /* Localizable.xcstrings */ = {isa = PBXFileReference; lastKnownFileType = text.json.xcstrings; path = Localizable.xcstrings; sourceTree = "<group>"; };
		B334E9B8F7BE7E5376BA5E03 /* PlayerInsightsView.swift */ = {isa = PBXFileReference; lastKnownFileType = sourcecode.swift; path = PlayerInsightsView.swift; sourceTree = "<group>"; };
		B92130A98036FFC4BE4F520A /* PlayerDetailView.swift */ = {isa = PBXFileReference; lastKnownFileType = sourcecode.swift; path = PlayerDetailView.swift; sourceTree = "<group>"; };
		BBB39DE9088CA19C675DBF88 /* AIChatView.swift */ = {isa = PBXFileReference; lastKnownFileType = sourcecode.swift; path = AIChatView.swift; sourceTree = "<group>"; };
		BBD773EFF678DE74E3E4F2C6 /* BarrelUITestCase.swift */ = {isa = PBXFileReference; lastKnownFileType = sourcecode.swift; path = BarrelUITestCase.swift; sourceTree = "<group>"; };
		C4FC6C5DDDF52928C27E2C8F /* BarrelNight@2x.png */ = {isa = PBXFileReference; lastKnownFileType = image.png; path = "BarrelNight@2x.png"; sourceTree = "<group>"; };
		CBDC017B1A6FD9FE68CE8605 /* UndoHistoryTests.swift */ = {isa = PBXFileReference; lastKnownFileType = sourcecode.swift; path = UndoHistoryTests.swift; sourceTree = "<group>"; };
		CED32C6984E99727813EE4F5 /* WaveBackground.swift */ = {isa = PBXFileReference; lastKnownFileType = sourcecode.swift; path = WaveBackground.swift; sourceTree = "<group>"; };
		CFEF12EBF5E0949ADE9EDF87 /* PerformanceTests.swift */ = {isa = PBXFileReference; lastKnownFileType = sourcecode.swift; path = PerformanceTests.swift; sourceTree = "<group>"; };
		D44A9B9EB7A435FA4569D446 /* PlayerStats.swift */ = {isa = PBXFileReference; lastKnownFileType = sourcecode.swift; path = PlayerStats.swift; sourceTree = "<group>"; };
		DCE2D4E520B221A57E7707E7 /* Player.swift */ = {isa = PBXFileReference; lastKnownFileType = sourcecode.swift; path = Player.swift; sourceTree = "<group>"; };
		DD9FAAD978BF107AF775D782 /* AIPaywallView.swift */ = {isa = PBXFileReference; lastKnownFileType = sourcecode.swift; path = AIPaywallView.swift; sourceTree = "<group>"; };
		E39437343090B7B311914B1E /* RootView.swift */ = {isa = PBXFileReference; lastKnownFileType = sourcecode.swift; path = RootView.swift; sourceTree = "<group>"; };
		E4AEB6AC072119320379DA34 /* PlayerStatsTests.swift */ = {isa = PBXFileReference; lastKnownFileType = sourcecode.swift; path = PlayerStatsTests.swift; sourceTree = "<group>"; };
		E976E02BA6DDF5EB4A3873F2 /* KeychainStoreTests.swift */ = {isa = PBXFileReference; lastKnownFileType = sourcecode.swift; path = KeychainStoreTests.swift; sourceTree = "<group>"; };
		ED9EC953E843613D6BB2FD13 /* PrivacyInfo.xcprivacy */ = {isa = PBXFileReference; path = PrivacyInfo.xcprivacy; sourceTree = "<group>"; };
		FA8AC5AC814407550C991F2E /* AppLanguageTests.swift */ = {isa = PBXFileReference; lastKnownFileType = sourcecode.swift; path = AppLanguageTests.swift; sourceTree = "<group>"; };
/* End PBXFileReference section */

/* Begin PBXFrameworksBuildPhase section */
		DEB653DC42CC1587B2616D3A /* Frameworks */ = {
			isa = PBXFrameworksBuildPhase;
			buildActionMask = 2147483647;
			files = (
				4D9381528E34593A236B9763 /* Supabase in Frameworks */,
			);
			runOnlyForDeploymentPostprocessing = 0;
		};
/* End PBXFrameworksBuildPhase section */

/* Begin PBXGroup section */
		07B09F12C04028EFC6D78215 /* Stores */ = {
			isa = PBXGroup;
			children = (
				995483BEF01B78D0C6285594 /* AuthStore.swift */,
				2B3B941D8E97823DCB79EB0C /* BillingStore.swift */,
				A06A5665AB7820CE358C3251 /* KeychainStore.swift */,
				0B153D5431BA4783907DCD64 /* PlayerStore.swift */,
				106454408A40E260FC97E16B /* UndoHistory.swift */,
			);
			path = Stores;
			sourceTree = "<group>";
		};
		11233A33223A3C188EF676AE /* Models */ = {
			isa = PBXGroup;
			children = (
				B2AB7EA22585D77EC6852E41 /* AtBatEntry.swift */,
				DCE2D4E520B221A57E7707E7 /* Player.swift */,
				D44A9B9EB7A435FA4569D446 /* PlayerStats.swift */,
			);
			path = Models;
			sourceTree = "<group>";
		};
		2FA1ED7EC76D265ACC77062B /* Views */ = {
			isa = PBXGroup;
			children = (
				4E120E114E595B20E0B7ADD8 /* AddPlayerView.swift */,
				BBB39DE9088CA19C675DBF88 /* AIChatView.swift */,
				DD9FAAD978BF107AF775D782 /* AIPaywallView.swift */,
				28F22ED4002D2D00827719AB /* AuthView.swift */,
				966AAC296C0F9EA75DA8A476 /* BarrelShape.swift */,
				8CB3424F81DE04DD7A6F34F1 /* MainTabView.swift */,
				B92130A98036FFC4BE4F520A /* PlayerDetailView.swift */,
				B334E9B8F7BE7E5376BA5E03 /* PlayerInsightsView.swift */,
				47513A76126FC08BE675D9B1 /* PlayerRow.swift */,
				E39437343090B7B311914B1E /* RootView.swift */,
				CED32C6984E99727813EE4F5 /* WaveBackground.swift */,
			);
			path = Views;
			sourceTree = "<group>";
		};
		5DBC0F3EADD206B9721FAFEB = {
			isa = PBXGroup;
			children = (
				E8414F96CE476165F596CFFD /* BaseballStatTracker */,
				F480393844299C7F24B24332 /* BaseballStatTrackerTests */,
				AA15A50658A076791B8AC2C9 /* BaseballStatTrackerUITests */,
				96FE54C0D577536CFEB0DBB5 /* Products */,
			);
			sourceTree = "<group>";
		};
		7D6BE2BC0BD1A09D9AA5AA00 /* Backend */ = {
			isa = PBXGroup;
			children = (
				5326ADF3D1E7819A3C1EB36C /* AIClient.swift */,
				57EDABC5151922712DFDE5A5 /* EventLogger.swift */,
				A6C80A685D2D29D9F427DC23 /* SupabaseClient.swift */,
			);
			path = Backend;
			sourceTree = "<group>";
		};
		96FE54C0D577536CFEB0DBB5 /* Products */ = {
			isa = PBXGroup;
			children = (
				5E30F52957D74423F14540E8 /* BaseballStatTracker.app */,
				0668DA518B74217AF8C00A79 /* BaseballStatTrackerTests.xctest */,
				ADFE7BE7F04CB612A0394FE0 /* BaseballStatTrackerUITests.xctest */,
			);
			name = Products;
			sourceTree = "<group>";
		};
		A0D77D627F5B43626F13412C /* Preview Content */ = {
			isa = PBXGroup;
			children = (
			);
			path = "Preview Content";
			sourceTree = "<group>";
		};
		AA15A50658A076791B8AC2C9 /* BaseballStatTrackerUITests */ = {
			isa = PBXGroup;
			children = (
				785A74C050FB0C51963C9279 /* AddPlayerUITests.swift */,
				02EF0733F35FE06FCD059302 /* AppLaunchUITests.swift */,
				79D1A67C14A8CB0E6082B292 /* AtBatPadUITests.swift */,
				BBD773EFF678DE74E3E4F2C6 /* BarrelUITestCase.swift */,
				3BB36CB85A5A3CD274A95543 /* LaunchPerformanceUITests.swift */,
				0B69C21A20FB4110AEADC709 /* RosterUITests.swift */,
				0407814CB35EEC2CA2AF784F /* UndoRedoUITests.swift */,
			);
			path = BaseballStatTrackerUITests;
			sourceTree = "<group>";
		};
		E8414F96CE476165F596CFFD /* BaseballStatTracker */ = {
			isa = PBXGroup;
			children = (
				428CFCA6B76D654B8BD950C5 /* AppIconScheduler.swift */,
				7962E15CCF8942863A3C92DE /* AppLanguage.swift */,
				6718C8BD1653FA60117CEDDC /* Assets.xcassets */,
				C4FC6C5DDDF52928C27E2C8F /* BarrelNight@2x.png */,
				9A9E8BBE1C67B1B7329D9491 /* BarrelNight@3x.png */,
				0A8FF4077F854300A78C68AC /* BaseballStatTracker.entitlements */,
				4292B7537D147DD1CD5BDA8A /* BaseballStatTrackerApp.swift */,
				A279353CA9D3695C76B99C59 /* DemoSeeder.swift */,
				4F76BE491231DFE216ECCE7F /* Info.plist */,
				B2D2094FEEA0636F998A5A6E /* Localizable.xcstrings */,
				ED9EC953E843613D6BB2FD13 /* PrivacyInfo.xcprivacy */,
				4857F1C3DD661056BA7AC594 /* ReviewPrompter.swift */,
				74CDBF5813212BA5EFB49006 /* UITestSupport.swift */,
				7D6BE2BC0BD1A09D9AA5AA00 /* Backend */,
				11233A33223A3C188EF676AE /* Models */,
				A0D77D627F5B43626F13412C /* Preview Content */,
				07B09F12C04028EFC6D78215 /* Stores */,
				2FA1ED7EC76D265ACC77062B /* Views */,
			);
			path = BaseballStatTracker;
			sourceTree = "<group>";
		};
		F480393844299C7F24B24332 /* BaseballStatTrackerTests */ = {
			isa = PBXGroup;
			children = (
				3A58B248F76C7C942A7A0E9B /* AppIconSchedulerTests.swift */,
				FA8AC5AC814407550C991F2E /* AppLanguageTests.swift */,
				69466E8C62BE9488DA3FEAE0 /* AtBatEntryCodableTests.swift */,
				20683B2B003DD4D161530CF6 /* AtBatOutcomeTests.swift */,
				068C962ABF5E26650550CB0B /* AuthValidationTests.swift */,
				A9F3F2DABDC30E34C06A1E91 /* BillingTierTests.swift */,
				E976E02BA6DDF5EB4A3873F2 /* KeychainStoreTests.swift */,
				CFEF12EBF5E0949ADE9EDF87 /* PerformanceTests.swift */,
				E4AEB6AC072119320379DA34 /* PlayerStatsTests.swift */,
				6B861A55168E28FB2F8ED1CA /* PlayerStoreTests.swift */,
				31C39398E003A3401764E841 /* StatFormatterTests.swift */,
				CBDC017B1A6FD9FE68CE8605 /* UndoHistoryTests.swift */,
			);
			path = BaseballStatTrackerTests;
			sourceTree = "<group>";
		};
/* End PBXGroup section */

/* Begin PBXNativeTarget section */
		04FDA87D9A969EA74BE1DD29 /* BaseballStatTracker */ = {
			isa = PBXNativeTarget;
			buildConfigurationList = 36BBB8377EDB8D15AF7831DF /* Build configuration list for PBXNativeTarget "BaseballStatTracker" */;
			buildPhases = (
				861D5790A967BBC9C64075BA /* Sources */,
				D393D9C7807E7ABC1FE2FF14 /* Resources */,
				DEB653DC42CC1587B2616D3A /* Frameworks */,
			);
			buildRules = (
			);
			dependencies = (
			);
			name = BaseballStatTracker;
			packageProductDependencies = (
				8DCF87A785CF12DB805778F9 /* Supabase */,
			);
			productName = BaseballStatTracker;
			productReference = 5E30F52957D74423F14540E8 /* BaseballStatTracker.app */;
			productType = "com.apple.product-type.application";
		};
		7CE492E0E70F8D305C334AAA /* BaseballStatTrackerTests */ = {
			isa = PBXNativeTarget;
			buildConfigurationList = CD91CC15C737BA8B183863F2 /* Build configuration list for PBXNativeTarget "BaseballStatTrackerTests" */;
			buildPhases = (
				E4A26055E264326A04533171 /* Sources */,
			);
			buildRules = (
			);
			dependencies = (
				CE377E7E9D6380526A173AEC /* PBXTargetDependency */,
			);
			name = BaseballStatTrackerTests;
			packageProductDependencies = (
			);
			productName = BaseballStatTrackerTests;
			productReference = 0668DA518B74217AF8C00A79 /* BaseballStatTrackerTests.xctest */;
			productType = "com.apple.product-type.bundle.unit-test";
		};
		AC21582DB4608768A37FFAAA /* BaseballStatTrackerUITests */ = {
			isa = PBXNativeTarget;
			buildConfigurationList = 1163B19C6453B940729FFD08 /* Build configuration list for PBXNativeTarget "BaseballStatTrackerUITests" */;
			buildPhases = (
				A524C96F60DA78E09B8A3138 /* Sources */,
			);
			buildRules = (
			);
			dependencies = (
				28EE4ABA164E5D280F2DDFCD /* PBXTargetDependency */,
			);
			name = BaseballStatTrackerUITests;
			packageProductDependencies = (
			);
			productName = BaseballStatTrackerUITests;
			productReference = ADFE7BE7F04CB612A0394FE0 /* BaseballStatTrackerUITests.xctest */;
			productType = "com.apple.product-type.bundle.ui-testing";
		};
/* End PBXNativeTarget section */

/* Begin PBXProject section */
		F7524C9988FFBD5B05CC4906 /* Project object */ = {
			isa = PBXProject;
			attributes = {
				BuildIndependentTargetsInParallel = YES;
				LastUpgradeCheck = 1430;
				TargetAttributes = {
					04FDA87D9A969EA74BE1DD29 = {
						DevelopmentTeam = CG89RY4W6R;
					};
					7CE492E0E70F8D305C334AAA = {
						DevelopmentTeam = CG89RY4W6R;
					};
					AC21582DB4608768A37FFAAA = {
						DevelopmentTeam = CG89RY4W6R;
						TestTargetID = 04FDA87D9A969EA74BE1DD29;
					};
				};
			};
			buildConfigurationList = 4BE1114049BC1B4585A26FCE /* Build configuration list for PBXProject "BaseballStatTracker" */;
			developmentRegion = en;
			hasScannedForEncodings = 0;
			knownRegions = (
				Base,
				en,
				es,
			);
			mainGroup = 5DBC0F3EADD206B9721FAFEB;
			minimizedProjectReferenceProxies = 1;
			packageReferences = (
				F494D94611603685898780BA /* XCRemoteSwiftPackageReference "supabase-swift" */,
			);
			preferredProjectObjectVersion = 77;
			productRefGroup = 96FE54C0D577536CFEB0DBB5 /* Products */;
			projectDirPath = "";
			projectRoot = "";
			targets = (
				04FDA87D9A969EA74BE1DD29 /* BaseballStatTracker */,
				7CE492E0E70F8D305C334AAA /* BaseballStatTrackerTests */,
				AC21582DB4608768A37FFAAA /* BaseballStatTrackerUITests */,
			);
		};
/* End PBXProject section */

/* Begin PBXResourcesBuildPhase section */
		D393D9C7807E7ABC1FE2FF14 /* Resources */ = {
			isa = PBXResourcesBuildPhase;
			buildActionMask = 2147483647;
			files = (
				081C3D1BBC12A47E0E58B24E /* Assets.xcassets in Resources */,
				8163C8FACCAF59E93F310A85 /* BarrelNight@2x.png in Resources */,
				3E92080B40368AC54F1D7667 /* BarrelNight@3x.png in Resources */,
				3226AE0D999626195A8B1B54 /* Localizable.xcstrings in Resources */,
				151C87DC6C86F1731C16D5A3 /* PrivacyInfo.xcprivacy in Resources */,
			);
			runOnlyForDeploymentPostprocessing = 0;
		};
/* End PBXResourcesBuildPhase section */

/* Begin PBXSourcesBuildPhase section */
		861D5790A967BBC9C64075BA /* Sources */ = {
			isa = PBXSourcesBuildPhase;
			buildActionMask = 2147483647;
			files = (
				A71E1B9BEDCD4F340309258A /* AIChatView.swift in Sources */,
				D73824252E60A95BB4A881F9 /* AIClient.swift in Sources */,
				02FCF7C64DA1DAE1A0526223 /* AIPaywallView.swift in Sources */,
				49BFB657783B04140050BF3A /* AddPlayerView.swift in Sources */,
				779346DC4E2513AA2A7BDD46 /* AppIconScheduler.swift in Sources */,
				E3D482E93A96132DE0A3939C /* AppLanguage.swift in Sources */,
				FACA664DB6025ADC1C4D797D /* AtBatEntry.swift in Sources */,
				CA558154609F2894612DF88B /* AuthStore.swift in Sources */,
				8D0A87F290719AB3431B5C01 /* AuthView.swift in Sources */,
				EA58750FE637DD2DC1C93DE1 /* BarrelShape.swift in Sources */,
				4F9868B61706659144C74FFD /* BaseballStatTrackerApp.swift in Sources */,
				6C70EEDD6D27EB02CD80B0E3 /* BillingStore.swift in Sources */,
				5F7715FEE34926B585A66338 /* DemoSeeder.swift in Sources */,
				07AFCF84C7D8CA5BF461670D /* EventLogger.swift in Sources */,
				69118326CC18DE6929D0DCDF /* KeychainStore.swift in Sources */,
				61CA2F222EE946B41A54E446 /* MainTabView.swift in Sources */,
				D73887A94E1D6B07F635EE38 /* Player.swift in Sources */,
				0AFBF722D9722253FB96E060 /* PlayerDetailView.swift in Sources */,
				4D06E1A19E51E470D2FF78B0 /* PlayerInsightsView.swift in Sources */,
				BECB334E22CA5BD7F90A6F19 /* PlayerRow.swift in Sources */,
				B7F8BA6EF030FBFB9E964C02 /* PlayerStats.swift in Sources */,
				676B42F2234073CCE261CE47 /* PlayerStore.swift in Sources */,
				17BB64A2C04DC2FAD0744A16 /* ReviewPrompter.swift in Sources */,
				95E8E9A38BF83F5710B20E21 /* RootView.swift in Sources */,
				EF1FF6B4044F883FC56E6697 /* SupabaseClient.swift in Sources */,
				352F2991F6B274714A6AF29C /* UITestSupport.swift in Sources */,
				83D88B912DA645AFCBECE747 /* UndoHistory.swift in Sources */,
				D05C15DA78084C1C70065EE9 /* WaveBackground.swift in Sources */,
			);
			runOnlyForDeploymentPostprocessing = 0;
		};
		A524C96F60DA78E09B8A3138 /* Sources */ = {
			isa = PBXSourcesBuildPhase;
			buildActionMask = 2147483647;
			files = (
				B4AB613DDF8C3D89A13C3A84 /* AddPlayerUITests.swift in Sources */,
				2F41D31EAFE3EC969C526F72 /* AppLaunchUITests.swift in Sources */,
				B84239F8F1F22C5E541BD5C1 /* AtBatPadUITests.swift in Sources */,
				C786C4084BC71BCEA8624380 /* BarrelUITestCase.swift in Sources */,
				806624516EE3A8E83AEB900E /* LaunchPerformanceUITests.swift in Sources */,
				3550AB3E231AFE3D48C2E15B /* RosterUITests.swift in Sources */,
				FBC28B2D2B9A5C81D2E0CF96 /* UndoRedoUITests.swift in Sources */,
			);
			runOnlyForDeploymentPostprocessing = 0;
		};
		E4A26055E264326A04533171 /* Sources */ = {
			isa = PBXSourcesBuildPhase;
			buildActionMask = 2147483647;
			files = (
				FFD85E7B730E16D7FFE2FABE /* AppIconSchedulerTests.swift in Sources */,
				8958BD0254E6839164D41C84 /* AppLanguageTests.swift in Sources */,
				54D730E4EE4BAFC2DB60ED3E /* AtBatEntryCodableTests.swift in Sources */,
				3B3CFA3CAD19C551717D1A52 /* AtBatOutcomeTests.swift in Sources */,
				D9EF3EB2D95F6823A2A97BD1 /* AuthValidationTests.swift in Sources */,
				CE5DF1BDFDD8B33497757E11 /* BillingTierTests.swift in Sources */,
				D4908B15ED7B72AABEEBC96B /* KeychainStoreTests.swift in Sources */,
				947C791592294C1185793038 /* PerformanceTests.swift in Sources */,
				9DAF00D9136FB51E6E5D2104 /* PlayerStatsTests.swift in Sources */,
				610C44781EE06EB07D0B6902 /* PlayerStoreTests.swift in Sources */,
				5259A7A84E306FBBE175420D /* StatFormatterTests.swift in Sources */,
				37CBB74C1FE6AA8E89C88AA7 /* UndoHistoryTests.swift in Sources */,
			);
			runOnlyForDeploymentPostprocessing = 0;
		};
/* End PBXSourcesBuildPhase section */

/* Begin PBXTargetDependency section */
		28EE4ABA164E5D280F2DDFCD /* PBXTargetDependency */ = {
			isa = PBXTargetDependency;
			target = 04FDA87D9A969EA74BE1DD29 /* BaseballStatTracker */;
			targetProxy = 0C2891BF9240479B0858EA50 /* PBXContainerItemProxy */;
		};
		CE377E7E9D6380526A173AEC /* PBXTargetDependency */ = {
			isa = PBXTargetDependency;
			target = 04FDA87D9A969EA74BE1DD29 /* BaseballStatTracker */;
			targetProxy = CE038BC8DEF045A8513AFECE /* PBXContainerItemProxy */;
		};
/* End PBXTargetDependency section */

/* Begin XCBuildConfiguration section */
		0A0F3F1F8DCE2D0E9E1DFBD9 /* Debug */ = {
			isa = XCBuildConfiguration;
			buildSettings = {
				ASSETCATALOG_COMPILER_APPICON_NAME = AppIcon;
				CODE_SIGN_ENTITLEMENTS = BaseballStatTracker/BaseballStatTracker.entitlements;
				CODE_SIGN_IDENTITY = "iPhone Developer";
				CURRENT_PROJECT_VERSION = 76;
				INFOPLIST_FILE = BaseballStatTracker/Info.plist;
				LD_RUNPATH_SEARCH_PATHS = (
					"$(inherited)",
					"@executable_path/Frameworks",
				);
				MARKETING_VERSION = 1.3;
				PRODUCT_BUNDLE_IDENTIFIER = com.divinedavis.BaseballStatTracker;
				SDKROOT = iphoneos;
				TARGETED_DEVICE_FAMILY = 1;
			};
			name = Debug;
		};
		159C720DE8C3BAB1DB8CD79C /* Debug */ = {
			isa = XCBuildConfiguration;
			buildSettings = {
				BUNDLE_LOADER = "$(TEST_HOST)";
				GENERATE_INFOPLIST_FILE = YES;
				LD_RUNPATH_SEARCH_PATHS = (
					"$(inherited)",
					"@executable_path/Frameworks",
					"@loader_path/Frameworks",
				);
				PRODUCT_BUNDLE_IDENTIFIER = com.divinedavis.BaseballStatTrackerTests;
				SDKROOT = iphoneos;
				TARGETED_DEVICE_FAMILY = "1,2";
				TEST_HOST = "$(BUILT_PRODUCTS_DIR)/BaseballStatTracker.app/$(BUNDLE_EXECUTABLE_FOLDER_PATH)/BaseballStatTracker";
			};
			name = Debug;
		};
		1D27FB02D293093737AFC214 /* Release */ = {
			isa = XCBuildConfiguration;
			buildSettings = {
				ALWAYS_SEARCH_USER_PATHS = NO;
				CLANG_ANALYZER_NONNULL = YES;
				CLANG_ANALYZER_NUMBER_OBJECT_CONVERSION = YES_AGGRESSIVE;
				CLANG_CXX_LANGUAGE_STANDARD = "gnu++14";
				CLANG_CXX_LIBRARY = "libc++";
				CLANG_ENABLE_MODULES = YES;
				CLANG_ENABLE_OBJC_ARC = YES;
				CLANG_ENABLE_OBJC_WEAK = YES;
				CLANG_WARN_BLOCK_CAPTURE_AUTORELEASING = YES;
				CLANG_WARN_BOOL_CONVERSION = YES;
				CLANG_WARN_COMMA = YES;
				CLANG_WARN_CONSTANT_CONVERSION = YES;
				CLANG_WARN_DEPRECATED_OBJC_IMPLEMENTATIONS = YES;
				CLANG_WARN_DIRECT_OBJC_ISA_USAGE = YES_ERROR;
				CLANG_WARN_DOCUMENTATION_COMMENTS = YES;
				CLANG_WARN_EMPTY_BODY = YES;
				CLANG_WARN_ENUM_CONVERSION = YES;
				CLANG_WARN_INFINITE_RECURSION = YES;
				CLANG_WARN_INT_CONVERSION = YES;
				CLANG_WARN_NON_LITERAL_NULL_CONVERSION = YES;
				CLANG_WARN_OBJC_IMPLICIT_RETAIN_SELF = YES;
				CLANG_WARN_OBJC_LITERAL_CONVERSION = YES;
				CLANG_WARN_OBJC_ROOT_CLASS = YES_ERROR;
				CLANG_WARN_QUOTED_INCLUDE_IN_FRAMEWORK_HEADER = YES;
				CLANG_WARN_RANGE_LOOP_ANALYSIS = YES;
				CLANG_WARN_STRICT_PROTOTYPES = YES;
				CLANG_WARN_SUSPICIOUS_MOVE = YES;
				CLANG_WARN_UNGUARDED_AVAILABILITY = YES_AGGRESSIVE;
				CLANG_WARN_UNREACHABLE_CODE = YES;
				CLANG_WARN__DUPLICATE_METHOD_MATCH = YES;
				COPY_PHASE_STRIP = NO;
				DEBUG_INFORMATION_FORMAT = "dwarf-with-dsym";
				DEVELOPMENT_TEAM = CG89RY4W6R;
				ENABLE_NS_ASSERTIONS = NO;
				ENABLE_STRICT_OBJC_MSGSEND = YES;
				GCC_C_LANGUAGE_STANDARD = gnu11;
				GCC_NO_COMMON_BLOCKS = YES;
				GCC_WARN_64_TO_32_BIT_CONVERSION = YES;
				GCC_WARN_ABOUT_RETURN_TYPE = YES_ERROR;
				GCC_WARN_UNDECLARED_SELECTOR = YES;
				GCC_WARN_UNINITIALIZED_AUTOS = YES_AGGRESSIVE;
				GCC_WARN_UNUSED_FUNCTION = YES;
				GCC_WARN_UNUSED_VARIABLE = YES;
				IPHONEOS_DEPLOYMENT_TARGET = 17.0;
				MTL_ENABLE_DEBUG_INFO = NO;
				MTL_FAST_MATH = YES;
				PRODUCT_NAME = "$(TARGET_NAME)";
				SDKROOT = iphoneos;
				SWIFT_COMPILATION_MODE = wholemodule;
				SWIFT_OPTIMIZATION_LEVEL = "-O";
				SWIFT_VERSION = 5.9;
			};
			name = Release;
		};
		2FC63EBCB4281D4E798B7E5B /* Release */ = {
			isa = XCBuildConfiguration;
			buildSettings = {
				BUNDLE_LOADER = "$(TEST_HOST)";
				GENERATE_INFOPLIST_FILE = YES;
				LD_RUNPATH_SEARCH_PATHS = (
					"$(inherited)",
					"@executable_path/Frameworks",
					"@loader_path/Frameworks",
				);
				PRODUCT_BUNDLE_IDENTIFIER = com.divinedavis.BaseballStatTrackerTests;
				SDKROOT = iphoneos;
				TARGETED_DEVICE_FAMILY = "1,2";
				TEST_HOST = "$(BUILT_PRODUCTS_DIR)/BaseballStatTracker.app/$(BUNDLE_EXECUTABLE_FOLDER_PATH)/BaseballStatTracker";
			};
			name = Release;
		};
		2FD7CD211F5330EA37093788 /* Debug */ = {
			isa = XCBuildConfiguration;
			buildSettings = {
				ALWAYS_SEARCH_USER_PATHS = NO;
				CLANG_ANALYZER_NONNULL = YES;
				CLANG_ANALYZER_NUMBER_OBJECT_CONVERSION = YES_AGGRESSIVE;
				CLANG_CXX_LANGUAGE_STANDARD = "gnu++14";
				CLANG_CXX_LIBRARY = "libc++";
				CLANG_ENABLE_MODULES = YES;
				CLANG_ENABLE_OBJC_ARC = YES;
				CLANG_ENABLE_OBJC_WEAK = YES;
				CLANG_WARN_BLOCK_CAPTURE_AUTORELEASING = YES;
				CLANG_WARN_BOOL_CONVERSION = YES;
				CLANG_WARN_COMMA = YES;
				CLANG_WARN_CONSTANT_CONVERSION = YES;
				CLANG_WARN_DEPRECATED_OBJC_IMPLEMENTATIONS = YES;
				CLANG_WARN_DIRECT_OBJC_ISA_USAGE = YES_ERROR;
				CLANG_WARN_DOCUMENTATION_COMMENTS = YES;
				CLANG_WARN_EMPTY_BODY = YES;
				CLANG_WARN_ENUM_CONVERSION = YES;
				CLANG_WARN_INFINITE_RECURSION = YES;
				CLANG_WARN_INT_CONVERSION = YES;
				CLANG_WARN_NON_LITERAL_NULL_CONVERSION = YES;
				CLANG_WARN_OBJC_IMPLICIT_RETAIN_SELF = YES;
				CLANG_WARN_OBJC_LITERAL_CONVERSION = YES;
				CLANG_WARN_OBJC_ROOT_CLASS = YES_ERROR;
				CLANG_WARN_QUOTED_INCLUDE_IN_FRAMEWORK_HEADER = YES;
				CLANG_WARN_RANGE_LOOP_ANALYSIS = YES;
				CLANG_WARN_STRICT_PROTOTYPES = YES;
				CLANG_WARN_SUSPICIOUS_MOVE = YES;
				CLANG_WARN_UNGUARDED_AVAILABILITY = YES_AGGRESSIVE;
				CLANG_WARN_UNREACHABLE_CODE = YES;
				CLANG_WARN__DUPLICATE_METHOD_MATCH = YES;
				COPY_PHASE_STRIP = NO;
				DEBUG_INFORMATION_FORMAT = dwarf;
				DEVELOPMENT_TEAM = CG89RY4W6R;
				ENABLE_STRICT_OBJC_MSGSEND = YES;
				ENABLE_TESTABILITY = YES;
				GCC_C_LANGUAGE_STANDARD = gnu11;
				GCC_DYNAMIC_NO_PIC = NO;
				GCC_NO_COMMON_BLOCKS = YES;
				GCC_OPTIMIZATION_LEVEL = 0;
				GCC_PREPROCESSOR_DEFINITIONS = (
					"$(inherited)",
					"DEBUG=1",
				);
				GCC_WARN_64_TO_32_BIT_CONVERSION = YES;
				GCC_WARN_ABOUT_RETURN_TYPE = YES_ERROR;
				GCC_WARN_UNDECLARED_SELECTOR = YES;
				GCC_WARN_UNINITIALIZED_AUTOS = YES_AGGRESSIVE;
				GCC_WARN_UNUSED_FUNCTION = YES;
				GCC_WARN_UNUSED_VARIABLE = YES;
				IPHONEOS_DEPLOYMENT_TARGET = 17.0;
				MTL_ENABLE_DEBUG_INFO = INCLUDE_SOURCE;
				MTL_FAST_MATH = YES;
				ONLY_ACTIVE_ARCH = YES;
				PRODUCT_NAME = "$(TARGET_NAME)";
				SDKROOT = iphoneos;
				SWIFT_ACTIVE_COMPILATION_CONDITIONS = DEBUG;
				SWIFT_OPTIMIZATION_LEVEL = "-Onone";
				SWIFT_VERSION = 5.9;
			};
			name = Debug;
		};
		835CFB1B48D3D0424A2C4C4E /* Release */ = {
			isa = XCBuildConfiguration;
			buildSettings = {
				ASSETCATALOG_COMPILER_APPICON_NAME = AppIcon;
				CODE_SIGN_ENTITLEMENTS = BaseballStatTracker/BaseballStatTracker.entitlements;
				CODE_SIGN_IDENTITY = "iPhone Developer";
				CURRENT_PROJECT_VERSION = 76;
				INFOPLIST_FILE = BaseballStatTracker/Info.plist;
				LD_RUNPATH_SEARCH_PATHS = (
					"$(inherited)",
					"@executable_path/Frameworks",
				);
				MARKETING_VERSION = 1.3;
				PRODUCT_BUNDLE_IDENTIFIER = com.divinedavis.BaseballStatTracker;
				SDKROOT = iphoneos;
				TARGETED_DEVICE_FAMILY = 1;
			};
			name = Release;
		};
		C4FC558A0B722CE5E13DF464 /* Release */ = {
			isa = XCBuildConfiguration;
			buildSettings = {
				BUNDLE_LOADER = "$(TEST_HOST)";
				GENERATE_INFOPLIST_FILE = YES;
				LD_RUNPATH_SEARCH_PATHS = (
					"$(inherited)",
					"@executable_path/Frameworks",
					"@loader_path/Frameworks",
				);
				PRODUCT_BUNDLE_IDENTIFIER = com.divinedavis.BaseballStatTrackerUITests;
				SDKROOT = iphoneos;
				TARGETED_DEVICE_FAMILY = "1,2";
				TEST_TARGET_NAME = BaseballStatTracker;
			};
			name = Release;
		};
		CDE1727C66AC8E239332C5A3 /* Debug */ = {
			isa = XCBuildConfiguration;
			buildSettings = {
				BUNDLE_LOADER = "$(TEST_HOST)";
				GENERATE_INFOPLIST_FILE = YES;
				LD_RUNPATH_SEARCH_PATHS = (
					"$(inherited)",
					"@executable_path/Frameworks",
					"@loader_path/Frameworks",
				);
				PRODUCT_BUNDLE_IDENTIFIER = com.divinedavis.BaseballStatTrackerUITests;
				SDKROOT = iphoneos;
				TARGETED_DEVICE_FAMILY = "1,2";
				TEST_TARGET_NAME = BaseballStatTracker;
			};
			name = Debug;
		};
/* End XCBuildConfiguration section */

/* Begin XCConfigurationList section */
		1163B19C6453B940729FFD08 /* Build configuration list for PBXNativeTarget "BaseballStatTrackerUITests" */ = {
			isa = XCConfigurationList;
			buildConfigurations = (
				CDE1727C66AC8E239332C5A3 /* Debug */,
				C4FC558A0B722CE5E13DF464 /* Release */,
			);
			defaultConfigurationIsVisible = 0;
			defaultConfigurationName = Debug;
		};
		36BBB8377EDB8D15AF7831DF /* Build configuration list for PBXNativeTarget "BaseballStatTracker" */ = {
			isa = XCConfigurationList;
			buildConfigurations = (
				0A0F3F1F8DCE2D0E9E1DFBD9 /* Debug */,
				835CFB1B48D3D0424A2C4C4E /* Release */,
			);
			defaultConfigurationIsVisible = 0;
			defaultConfigurationName = Debug;
		};
		4BE1114049BC1B4585A26FCE /* Build configuration list for PBXProject "BaseballStatTracker" */ = {
			isa = XCConfigurationList;
			buildConfigurations = (
				2FD7CD211F5330EA37093788 /* Debug */,
				1D27FB02D293093737AFC214 /* Release */,
			);
			defaultConfigurationIsVisible = 0;
			defaultConfigurationName = Debug;
		};
		CD91CC15C737BA8B183863F2 /* Build configuration list for PBXNativeTarget "BaseballStatTrackerTests" */ = {
			isa = XCConfigurationList;
			buildConfigurations = (
				159C720DE8C3BAB1DB8CD79C /* Debug */,
				2FC63EBCB4281D4E798B7E5B /* Release */,
			);
			defaultConfigurationIsVisible = 0;
			defaultConfigurationName = Debug;
		};
/* End XCConfigurationList section */

/* Begin XCRemoteSwiftPackageReference section */
		F494D94611603685898780BA /* XCRemoteSwiftPackageReference "supabase-swift" */ = {
			isa = XCRemoteSwiftPackageReference;
			repositoryURL = "https://github.com/supabase/supabase-swift";
			requirement = {
				kind = upToNextMajorVersion;
				minimumVersion = 2.0.0;
			};
		};
/* End XCRemoteSwiftPackageReference section */

/* Begin XCSwiftPackageProductDependency section */
		8DCF87A785CF12DB805778F9 /* Supabase */ = {
			isa = XCSwiftPackageProductDependency;
			package = F494D94611603685898780BA /* XCRemoteSwiftPackageReference "supabase-swift" */;
			productName = Supabase;
		};
/* End XCSwiftPackageProductDependency section */
	};
	rootObject = F7524C9988FFBD5B05CC4906 /* Project object */;
}
